
Microsoft Visual Studio Solution File, Format Version 12.00
# Visual Studio 2017
Project("{FAE04EC0-301F-11D3-BF4B-00C04F79EFBC}") = "18.06 1200", "18.06 1200.csproj", "{55848103-BBF8-294C-3245-1A37033D23BA}"
EndProject
Project("{FAE04EC0-301F-11D3-BF4B-00C04F79EFBC}") = "Unity.PackageManagerUI.Editor", "Unity.PackageManagerUI.Editor.csproj", "{6877705C-FBD9-0C4F-5AFB-6FB431E5D39D}"
EndProject
Project("{FAE04EC0-301F-11D3-BF4B-00C04F79EFBC}") = "18.06 1200.Editor", "18.06 1200.Editor.csproj", "{076B0845-A394-459F-5F47-3E01DE0D853E}"
EndProject
Project("{FAE04EC0-301F-11D3-BF4B-00C04F79EFBC}") = "UnityEditor.StandardEvents", "UnityEditor.StandardEvents.csproj", "{6800202F-4402-D405-F8CB-03DC7BD78B92}"
EndProject
Global
	GlobalSection(SolutionConfigurationPlatforms) = preSolution
		Debug|Any CPU = Debug|Any CPU
		Release|Any CPU = Release|Any CPU
	EndGlobalSection
	GlobalSection(ProjectConfigurationPlatforms) = postSolution
		{55848103-BBF8-294C-3245-1A37033D23BA}.Debug|Any CPU.ActiveCfg = Debug|Any CPU
		{55848103-BBF8-294C-3245-1A37033D23BA}.Debug|Any CPU.Build.0 = Debug|Any CPU
		{55848103-BBF8-294C-3245-1A37033D23BA}.Release|Any CPU.ActiveCfg = Release|Any CPU
		{55848103-BBF8-294C-3245-1A37033D23BA}.Release|Any CPU.Build.0 = Release|Any CPU
		{6877705C-FBD9-0C4F-5AFB-6FB431E5D39D}.Debug|Any CPU.ActiveCfg = Debug|Any CPU
		{6877705C-FBD9-0C4F-5AFB-6FB431E5D39D}.Debug|Any CPU.Build.0 = Debug|Any CPU
		{6877705C-FBD9-0C4F-5AFB-6FB431E5D39D}.Release|Any CPU.ActiveCfg = Release|Any CPU
		{6877705C-FBD9-0C4F-5AFB-6FB431E5D39D}.Release|Any CPU.Build.0 = Release|Any CPU
		{076B0845-A394-459F-5F47-3E01DE0D853E}.Debug|Any CPU.ActiveCfg = Debug|Any CPU
		{076B0845-A394-459F-5F47-3E01DE0D853E}.Debug|Any CPU.Build.0 = Debug|Any CPU
		{076B0845-A394-459F-5F47-3E01DE0D853E}.Release|Any CPU.ActiveCfg = Release|Any CPU
		{076B0845-A394-459F-5F47-3E01DE0D853E}.Release|Any CPU.Build.0 = Release|Any CPU
		{6800202F-4402-D405-F8CB-03DC7BD78B92}.Debug|Any CPU.ActiveCfg = Debug|Any CPU
		{6800202F-4402-D405-F8CB-03DC7BD78B92}.Debug|Any CPU.Build.0 = Debug|Any CPU
		{6800202F-4402-D405-F8CB-03DC7BD78B92}.Release|Any CPU.ActiveCfg = Release|Any CPU
		{6800202F-4402-D405-F8CB-03DC7BD78B92}.Release|Any CPU.Build.0 = Release|Any CPU
	EndGlobalSection
	GlobalSection(SolutionProperties) = preSolution
		HideSolutionNode = FALSE
	EndGlobalSection
EndGlobal
