
Microsoft Visual Studio Solution File, Format Version 12.00
# Visual Studio 2017
Project("{FAE04EC0-301F-11D3-BF4B-00C04F79EFBC}") = "26.06 13_40", "26.06 13_40.csproj", "{8BEC5418-ED18-6600-E8B2-6CA76CAD884A}"
EndProject
Project("{FAE04EC0-301F-11D3-BF4B-00C04F79EFBC}") = "Unity.PackageManagerUI.Editor", "Unity.PackageManagerUI.Editor.csproj", "{6877705C-FBD9-0C4F-5AFB-6FB431E5D39D}"
EndProject
Project("{FAE04EC0-301F-11D3-BF4B-00C04F79EFBC}") = "26.06 13_40.Editor", "26.06 13_40.Editor.csproj", "{A3106966-7356-1E95-DF35-5A3D71A56AF4}"
EndProject
Project("{FAE04EC0-301F-11D3-BF4B-00C04F79EFBC}") = "UnityEditor.StandardEvents", "UnityEditor.StandardEvents.csproj", "{6800202F-4402-D405-F8CB-03DC7BD78B92}"
EndProject
Global
	GlobalSection(SolutionConfigurationPlatforms) = preSolution
		Debug|Any CPU = Debug|Any CPU
		Release|Any CPU = Release|Any CPU
	EndGlobalSection
	GlobalSection(ProjectConfigurationPlatforms) = postSolution
		{8BEC5418-ED18-6600-E8B2-6CA76CAD884A}.Debug|Any CPU.ActiveCfg = Debug|Any CPU
		{8BEC5418-ED18-6600-E8B2-6CA76CAD884A}.Debug|Any CPU.Build.0 = Debug|Any CPU
		{8BEC5418-ED18-6600-E8B2-6CA76CAD884A}.Release|Any CPU.ActiveCfg = Release|Any CPU
		{8BEC5418-ED18-6600-E8B2-6CA76CAD884A}.Release|Any CPU.Build.0 = Release|Any CPU
		{6877705C-FBD9-0C4F-5AFB-6FB431E5D39D}.Debug|Any CPU.ActiveCfg = Debug|Any CPU
		{6877705C-FBD9-0C4F-5AFB-6FB431E5D39D}.Debug|Any CPU.Build.0 = Debug|Any CPU
		{6877705C-FBD9-0C4F-5AFB-6FB431E5D39D}.Release|Any CPU.ActiveCfg = Release|Any CPU
		{6877705C-FBD9-0C4F-5AFB-6FB431E5D39D}.Release|Any CPU.Build.0 = Release|Any CPU
		{A3106966-7356-1E95-DF35-5A3D71A56AF4}.Debug|Any CPU.ActiveCfg = Debug|Any CPU
		{A3106966-7356-1E95-DF35-5A3D71A56AF4}.Debug|Any CPU.Build.0 = Debug|Any CPU
		{A3106966-7356-1E95-DF35-5A3D71A56AF4}.Release|Any CPU.ActiveCfg = Release|Any CPU
		{A3106966-7356-1E95-DF35-5A3D71A56AF4}.Release|Any CPU.Build.0 = Release|Any CPU
		{6800202F-4402-D405-F8CB-03DC7BD78B92}.Debug|Any CPU.ActiveCfg = Debug|Any CPU
		{6800202F-4402-D405-F8CB-03DC7BD78B92}.Debug|Any CPU.Build.0 = Debug|Any CPU
		{6800202F-4402-D405-F8CB-03DC7BD78B92}.Release|Any CPU.ActiveCfg = Release|Any CPU
		{6800202F-4402-D405-F8CB-03DC7BD78B92}.Release|Any CPU.Build.0 = Release|Any CPU
	EndGlobalSection
	GlobalSection(SolutionProperties) = preSolution
		HideSolutionNode = FALSE
	EndGlobalSection
EndGlobal
